{
    "version": 3,
    "terraform_version": "0.9.11",
    "serial": 1,
    "lineage": "e8a40252-d3c0-474f-a834-11e4e79213a4",
    "modules": [
        {
            "path": [
                "root"
            ],
            "outputs": {},
            "resources": {
                "aws_elasticsearch_domain.es": {
                    "type": "aws_elasticsearch_domain",
                    "depends_on": [],
                    "primary": {
                        "id": "arn:aws:es:eu-west-2:885669666080:domain/tf-test-deploy",
                        "attributes": {
                            "access_policies": "{\"Statement\":[{\"Action\":\"es:*\",\"Condition\":{\"IpAddress\":{\"aws:SourceIp\":\"10.0.1.0/24\"}},\"Effect\":\"Allow\",\"Principal\":\"*\",\"Resource\":\"arn:aws:es:eu-west-2:885669666080:domain/tf-test-deploy/*\"}],\"Version\":\"2012-10-17\"}",
                            "advanced_options.%": "1",
                            "advanced_options.rest.action.multi.allow_explicit_index": "true",
                            "arn": "arn:aws:es:eu-west-2:885669666080:domain/tf-test-deploy",
                            "cluster_config.#": "1",
                            "cluster_config.0.dedicated_master_count": "2",
                            "cluster_config.0.dedicated_master_enabled": "true",
                            "cluster_config.0.dedicated_master_type": "m4.large.elasticsearch",
                            "cluster_config.0.instance_count": "3",
                            "cluster_config.0.instance_type": "t2.small.elasticsearch",
                            "cluster_config.0.zone_awareness_enabled": "false",
                            "domain_id": "885669666080/tf-test-deploy",
                            "domain_name": "tf-test-deploy",
                            "ebs_options.#": "1",
                            "ebs_options.0.ebs_enabled": "true",
                            "ebs_options.0.iops": "0",
                            "ebs_options.0.volume_size": "10",
                            "ebs_options.0.volume_type": "gp2",
                            "elasticsearch_version": "5.3",
                            "endpoint": "search-tf-test-deploy-afodtwoxdqcz475ytni2ovgnzi.eu-west-2.es.amazonaws.com",
                            "id": "arn:aws:es:eu-west-2:885669666080:domain/tf-test-deploy",
                            "snapshot_options.#": "1",
                            "snapshot_options.0.automated_snapshot_start_hour": "23",
                            "tags.%": "1",
                            "tags.Domain": "TestTerraformDomain"
                        },
                        "meta": {},
                        "tainted": false
                    },
                    "deposed": [],
                    "provider": ""
                }
            },
            "depends_on": []
        }
    ]
}
